
Microsoft Visual Studio Solution File, Format Version 12.00
# Visual Studio Version 17
VisualStudioVersion = 17.11.35303.130
MinimumVisualStudioVersion = 10.0.40219.1
Project("{FAE04EC0-301F-11D3-BF4B-00C04F79EFBC}") = "GenericValidationApp", "GenericValidationApp\GenericValidationApp.csproj", "{904C549B-4EE8-4ADC-9CCC-B8ED83C57AC9}"
EndProject
Project("{FAE04EC0-301F-11D3-BF4B-00C04F79EFBC}") = "GenericClass", "GenericClass\GenericClass.csproj", "{3B8A8224-2187-4AF4-AAE5-CA8982F0E94B}"
EndProject
Global
	GlobalSection(SolutionConfigurationPlatforms) = preSolution
		Debug|Any CPU = Debug|Any CPU
		Release|Any CPU = Release|Any CPU
	EndGlobalSection
	GlobalSection(ProjectConfigurationPlatforms) = postSolution
		{904C549B-4EE8-4ADC-9CCC-B8ED83C57AC9}.Debug|Any CPU.ActiveCfg = Debug|Any CPU
		{904C549B-4EE8-4ADC-9CCC-B8ED83C57AC9}.Debug|Any CPU.Build.0 = Debug|Any CPU
		{904C549B-4EE8-4ADC-9CCC-B8ED83C57AC9}.Release|Any CPU.ActiveCfg = Release|Any CPU
		{904C549B-4EE8-4ADC-9CCC-B8ED83C57AC9}.Release|Any CPU.Build.0 = Release|Any CPU
		{3B8A8224-2187-4AF4-AAE5-CA8982F0E94B}.Debug|Any CPU.ActiveCfg = Debug|Any CPU
		{3B8A8224-2187-4AF4-AAE5-CA8982F0E94B}.Debug|Any CPU.Build.0 = Debug|Any CPU
		{3B8A8224-2187-4AF4-AAE5-CA8982F0E94B}.Release|Any CPU.ActiveCfg = Release|Any CPU
		{3B8A8224-2187-4AF4-AAE5-CA8982F0E94B}.Release|Any CPU.Build.0 = Release|Any CPU
	EndGlobalSection
	GlobalSection(SolutionProperties) = preSolution
		HideSolutionNode = FALSE
	EndGlobalSection
	GlobalSection(ExtensibilityGlobals) = postSolution
		SolutionGuid = {146843E9-8614-4775-8355-9E14F2ABDB6C}
	EndGlobalSection
EndGlobal
